
Microsoft Visual Studio Solution File, Format Version 12.00
# Visual Studio 15
VisualStudioVersion = 15.0.28307.572
MinimumVisualStudioVersion = 10.0.40219.1
Project("{8BC9CEB8-8B4A-11D0-8D11-00A0C91BC942}") = "pchhatku_cpp_opl", "pchhatku_cpp_opl\pchhatku_cpp_opl.vcxproj", "{916C0580-2B83-4FBB-9BB8-13A8054FD273}"
EndProject
Global
	GlobalSection(SolutionConfigurationPlatforms) = preSolution
		Debug|x64 = Debug|x64
		Debug|x86 = Debug|x86
		Release|x64 = Release|x64
		Release|x86 = Release|x86
	EndGlobalSection
	GlobalSection(ProjectConfigurationPlatforms) = postSolution
		{916C0580-2B83-4FBB-9BB8-13A8054FD273}.Debug|x64.ActiveCfg = Debug|x64
		{916C0580-2B83-4FBB-9BB8-13A8054FD273}.Debug|x64.Build.0 = Debug|x64
		{916C0580-2B83-4FBB-9BB8-13A8054FD273}.Debug|x86.ActiveCfg = Debug|Win32
		{916C0580-2B83-4FBB-9BB8-13A8054FD273}.Debug|x86.Build.0 = Debug|Win32
		{916C0580-2B83-4FBB-9BB8-13A8054FD273}.Release|x64.ActiveCfg = Release|x64
		{916C0580-2B83-4FBB-9BB8-13A8054FD273}.Release|x64.Build.0 = Release|x64
		{916C0580-2B83-4FBB-9BB8-13A8054FD273}.Release|x86.ActiveCfg = Release|Win32
		{916C0580-2B83-4FBB-9BB8-13A8054FD273}.Release|x86.Build.0 = Release|Win32
	EndGlobalSection
	GlobalSection(SolutionProperties) = preSolution
		HideSolutionNode = FALSE
	EndGlobalSection
	GlobalSection(ExtensibilityGlobals) = postSolution
		SolutionGuid = {05AC2056-DA3B-49BC-9EB5-94CFB153EA01}
	EndGlobalSection
EndGlobal
